
Microsoft Visual Studio Solution File, Format Version 11.00
# Visual Studio 2010
Project("{FAE04EC0-301F-11D3-BF4B-00C04F79EFBC}") = "ThreadLearn_CH2", "ThreadLearn\ThreadLearn_CH2.csproj", "{F5B1B9B2-40CF-4CBA-BF76-BA22D6E14579}"
EndProject
Project("{FAE04EC0-301F-11D3-BF4B-00C04F79EFBC}") = "PrimeNumber", "PrimeNumber\PrimeNumber.csproj", "{60FF7B6A-1BC6-47E1-AAC0-6BD7E739E067}"
EndProject
Project("{FAE04EC0-301F-11D3-BF4B-00C04F79EFBC}") = "ThreadPoolLockExample", "ThreadPoolLockExample\ThreadPoolLockExample.csproj", "{EF7D8BC1-9EF8-4769-9576-4DB09E894A38}"
EndProject
Project("{FAE04EC0-301F-11D3-BF4B-00C04F79EFBC}") = "MethodImpl_CH3", "MethodImpl_CH3\MethodImpl_CH3.csproj", "{554F8F36-7070-46C0-B095-70145D7C5B00}"
EndProject
Project("{FAE04EC0-301F-11D3-BF4B-00C04F79EFBC}") = "MonitorEnterExit_CH3", "MonitorEnterExit_CH3\MonitorEnterExit_CH3.csproj", "{00F95708-E981-4AB7-A3F7-193A9ACD4D50}"
EndProject
Project("{FAE04EC0-301F-11D3-BF4B-00C04F79EFBC}") = "WaitAndPause_CH3", "WaitAndPause_CH3\WaitAndPause_CH3.csproj", "{E7184A12-699F-43A5-9DA9-DB72B565D824}"
EndProject
Project("{FAE04EC0-301F-11D3-BF4B-00C04F79EFBC}") = "MonitorTryEnter_CH3", "MonitorTryEnter_CH3\MonitorTryEnter_CH3.csproj", "{1759FBCC-8368-4949-96AC-2352CA78DEA7}"
EndProject
Project("{FAE04EC0-301F-11D3-BF4B-00C04F79EFBC}") = "Lock_CH3", "Lock_CH3\Lock_CH3.csproj", "{64147323-BAD8-4A25-9C6E-E6531F3BA19F}"
EndProject
Project("{FAE04EC0-301F-11D3-BF4B-00C04F79EFBC}") = "ReadWriteLock_CH3", "ReadWriteLock\ReadWriteLock_CH3.csproj", "{66CF718A-5B13-4823-BB61-308D71C2E789}"
EndProject
Project("{FAE04EC0-301F-11D3-BF4B-00C04F79EFBC}") = "NonSignalEvent_CH3", "NonSignalEvent\NonSignalEvent_CH3.csproj", "{55E1DA61-DD49-4E93-A485-D47129966541}"
EndProject
Project("{FAE04EC0-301F-11D3-BF4B-00C04F79EFBC}") = "Mutex_CH3", "Mutex_CH3\Mutex_CH3.csproj", "{C2C880D3-E7B7-4E16-A75C-D2AD77746E68}"
EndProject
Project("{FAE04EC0-301F-11D3-BF4B-00C04F79EFBC}") = "InterLock_CH3", "InterLock_CH3\InterLock_CH3.csproj", "{121FFB49-15C3-4AA8-966F-ECC538B5AB02}"
EndProject
Project("{FAE04EC0-301F-11D3-BF4B-00C04F79EFBC}") = "Static_CH3", "Static_CH3\Static_CH3.csproj", "{39CB741B-0721-4ACB-AD6B-C7E28A44FBC6}"
EndProject
Project("{FAE04EC0-301F-11D3-BF4B-00C04F79EFBC}") = "DeadLock_CH3", "DeadLock_CH3\DeadLock_CH3.csproj", "{D1440C2F-664F-4922-B3F9-AE76475B74C4}"
EndProject
Project("{FAE04EC0-301F-11D3-BF4B-00C04F79EFBC}") = "IBookCollection_CH3", "IBookCollection\IBookCollection_CH3.csproj", "{3A251274-5441-4FC6-AFE7-D8731B7CDAA5}"
EndProject
Project("{FAE04EC0-301F-11D3-BF4B-00C04F79EFBC}") = "ObjectPool_CH3", "ObjectPool_CH3\ObjectPool_CH3.csproj", "{ADA5A1B0-3C0D-4B26-A465-F1C8B19A7AC3}"
EndProject
Project("{FAE04EC0-301F-11D3-BF4B-00C04F79EFBC}") = "TestGenThreadPool_CH5", "TestGenThreadPool_CH5\TestGenThreadPool_CH5.csproj", "{55259BEA-E6A3-4211-B5D1-780DFB390843}"
EndProject
Project("{FAE04EC0-301F-11D3-BF4B-00C04F79EFBC}") = "Trace_ch6", "Trace_ch6\Trace_ch6.csproj", "{99767805-9B82-4C69-87EF-6C79DEDBE055}"
EndProject
Global
	GlobalSection(SolutionConfigurationPlatforms) = preSolution
		Debug|x86 = Debug|x86
		Release|x86 = Release|x86
	EndGlobalSection
	GlobalSection(ProjectConfigurationPlatforms) = postSolution
		{F5B1B9B2-40CF-4CBA-BF76-BA22D6E14579}.Debug|x86.ActiveCfg = Debug|x86
		{F5B1B9B2-40CF-4CBA-BF76-BA22D6E14579}.Debug|x86.Build.0 = Debug|x86
		{F5B1B9B2-40CF-4CBA-BF76-BA22D6E14579}.Release|x86.ActiveCfg = Release|x86
		{F5B1B9B2-40CF-4CBA-BF76-BA22D6E14579}.Release|x86.Build.0 = Release|x86
		{60FF7B6A-1BC6-47E1-AAC0-6BD7E739E067}.Debug|x86.ActiveCfg = Debug|x86
		{60FF7B6A-1BC6-47E1-AAC0-6BD7E739E067}.Debug|x86.Build.0 = Debug|x86
		{60FF7B6A-1BC6-47E1-AAC0-6BD7E739E067}.Release|x86.ActiveCfg = Release|x86
		{60FF7B6A-1BC6-47E1-AAC0-6BD7E739E067}.Release|x86.Build.0 = Release|x86
		{EF7D8BC1-9EF8-4769-9576-4DB09E894A38}.Debug|x86.ActiveCfg = Debug|x86
		{EF7D8BC1-9EF8-4769-9576-4DB09E894A38}.Debug|x86.Build.0 = Debug|x86
		{EF7D8BC1-9EF8-4769-9576-4DB09E894A38}.Release|x86.ActiveCfg = Release|x86
		{EF7D8BC1-9EF8-4769-9576-4DB09E894A38}.Release|x86.Build.0 = Release|x86
		{554F8F36-7070-46C0-B095-70145D7C5B00}.Debug|x86.ActiveCfg = Debug|x86
		{554F8F36-7070-46C0-B095-70145D7C5B00}.Debug|x86.Build.0 = Debug|x86
		{554F8F36-7070-46C0-B095-70145D7C5B00}.Release|x86.ActiveCfg = Release|x86
		{554F8F36-7070-46C0-B095-70145D7C5B00}.Release|x86.Build.0 = Release|x86
		{00F95708-E981-4AB7-A3F7-193A9ACD4D50}.Debug|x86.ActiveCfg = Debug|x86
		{00F95708-E981-4AB7-A3F7-193A9ACD4D50}.Debug|x86.Build.0 = Debug|x86
		{00F95708-E981-4AB7-A3F7-193A9ACD4D50}.Release|x86.ActiveCfg = Release|x86
		{00F95708-E981-4AB7-A3F7-193A9ACD4D50}.Release|x86.Build.0 = Release|x86
		{E7184A12-699F-43A5-9DA9-DB72B565D824}.Debug|x86.ActiveCfg = Debug|x86
		{E7184A12-699F-43A5-9DA9-DB72B565D824}.Debug|x86.Build.0 = Debug|x86
		{E7184A12-699F-43A5-9DA9-DB72B565D824}.Release|x86.ActiveCfg = Release|x86
		{E7184A12-699F-43A5-9DA9-DB72B565D824}.Release|x86.Build.0 = Release|x86
		{1759FBCC-8368-4949-96AC-2352CA78DEA7}.Debug|x86.ActiveCfg = Debug|x86
		{1759FBCC-8368-4949-96AC-2352CA78DEA7}.Debug|x86.Build.0 = Debug|x86
		{1759FBCC-8368-4949-96AC-2352CA78DEA7}.Release|x86.ActiveCfg = Release|x86
		{1759FBCC-8368-4949-96AC-2352CA78DEA7}.Release|x86.Build.0 = Release|x86
		{64147323-BAD8-4A25-9C6E-E6531F3BA19F}.Debug|x86.ActiveCfg = Debug|x86
		{64147323-BAD8-4A25-9C6E-E6531F3BA19F}.Debug|x86.Build.0 = Debug|x86
		{64147323-BAD8-4A25-9C6E-E6531F3BA19F}.Release|x86.ActiveCfg = Release|x86
		{64147323-BAD8-4A25-9C6E-E6531F3BA19F}.Release|x86.Build.0 = Release|x86
		{66CF718A-5B13-4823-BB61-308D71C2E789}.Debug|x86.ActiveCfg = Debug|x86
		{66CF718A-5B13-4823-BB61-308D71C2E789}.Debug|x86.Build.0 = Debug|x86
		{66CF718A-5B13-4823-BB61-308D71C2E789}.Release|x86.ActiveCfg = Release|x86
		{66CF718A-5B13-4823-BB61-308D71C2E789}.Release|x86.Build.0 = Release|x86
		{55E1DA61-DD49-4E93-A485-D47129966541}.Debug|x86.ActiveCfg = Debug|x86
		{55E1DA61-DD49-4E93-A485-D47129966541}.Debug|x86.Build.0 = Debug|x86
		{55E1DA61-DD49-4E93-A485-D47129966541}.Release|x86.ActiveCfg = Release|x86
		{55E1DA61-DD49-4E93-A485-D47129966541}.Release|x86.Build.0 = Release|x86
		{C2C880D3-E7B7-4E16-A75C-D2AD77746E68}.Debug|x86.ActiveCfg = Debug|x86
		{C2C880D3-E7B7-4E16-A75C-D2AD77746E68}.Debug|x86.Build.0 = Debug|x86
		{C2C880D3-E7B7-4E16-A75C-D2AD77746E68}.Release|x86.ActiveCfg = Release|x86
		{C2C880D3-E7B7-4E16-A75C-D2AD77746E68}.Release|x86.Build.0 = Release|x86
		{121FFB49-15C3-4AA8-966F-ECC538B5AB02}.Debug|x86.ActiveCfg = Debug|x86
		{121FFB49-15C3-4AA8-966F-ECC538B5AB02}.Debug|x86.Build.0 = Debug|x86
		{121FFB49-15C3-4AA8-966F-ECC538B5AB02}.Release|x86.ActiveCfg = Release|x86
		{121FFB49-15C3-4AA8-966F-ECC538B5AB02}.Release|x86.Build.0 = Release|x86
		{39CB741B-0721-4ACB-AD6B-C7E28A44FBC6}.Debug|x86.ActiveCfg = Debug|x86
		{39CB741B-0721-4ACB-AD6B-C7E28A44FBC6}.Debug|x86.Build.0 = Debug|x86
		{39CB741B-0721-4ACB-AD6B-C7E28A44FBC6}.Release|x86.ActiveCfg = Release|x86
		{39CB741B-0721-4ACB-AD6B-C7E28A44FBC6}.Release|x86.Build.0 = Release|x86
		{D1440C2F-664F-4922-B3F9-AE76475B74C4}.Debug|x86.ActiveCfg = Debug|x86
		{D1440C2F-664F-4922-B3F9-AE76475B74C4}.Debug|x86.Build.0 = Debug|x86
		{D1440C2F-664F-4922-B3F9-AE76475B74C4}.Release|x86.ActiveCfg = Release|x86
		{D1440C2F-664F-4922-B3F9-AE76475B74C4}.Release|x86.Build.0 = Release|x86
		{3A251274-5441-4FC6-AFE7-D8731B7CDAA5}.Debug|x86.ActiveCfg = Debug|x86
		{3A251274-5441-4FC6-AFE7-D8731B7CDAA5}.Debug|x86.Build.0 = Debug|x86
		{3A251274-5441-4FC6-AFE7-D8731B7CDAA5}.Release|x86.ActiveCfg = Release|x86
		{3A251274-5441-4FC6-AFE7-D8731B7CDAA5}.Release|x86.Build.0 = Release|x86
		{ADA5A1B0-3C0D-4B26-A465-F1C8B19A7AC3}.Debug|x86.ActiveCfg = Debug|x86
		{ADA5A1B0-3C0D-4B26-A465-F1C8B19A7AC3}.Debug|x86.Build.0 = Debug|x86
		{ADA5A1B0-3C0D-4B26-A465-F1C8B19A7AC3}.Release|x86.ActiveCfg = Release|x86
		{ADA5A1B0-3C0D-4B26-A465-F1C8B19A7AC3}.Release|x86.Build.0 = Release|x86
		{55259BEA-E6A3-4211-B5D1-780DFB390843}.Debug|x86.ActiveCfg = Debug|x86
		{55259BEA-E6A3-4211-B5D1-780DFB390843}.Debug|x86.Build.0 = Debug|x86
		{55259BEA-E6A3-4211-B5D1-780DFB390843}.Release|x86.ActiveCfg = Release|x86
		{55259BEA-E6A3-4211-B5D1-780DFB390843}.Release|x86.Build.0 = Release|x86
		{99767805-9B82-4C69-87EF-6C79DEDBE055}.Debug|x86.ActiveCfg = Debug|x86
		{99767805-9B82-4C69-87EF-6C79DEDBE055}.Debug|x86.Build.0 = Debug|x86
		{99767805-9B82-4C69-87EF-6C79DEDBE055}.Release|x86.ActiveCfg = Release|x86
		{99767805-9B82-4C69-87EF-6C79DEDBE055}.Release|x86.Build.0 = Release|x86
	EndGlobalSection
	GlobalSection(SolutionProperties) = preSolution
		HideSolutionNode = FALSE
	EndGlobalSection
EndGlobal
